
Microsoft Visual Studio Solution File, Format Version 12.00
# Visual Studio Version 17
VisualStudioVersion = 17.0.32014.148
MinimumVisualStudioVersion = 10.0.40219.1
Project("{FAE04EC0-301F-11D3-BF4B-00C04F79EFBC}") = "ExcelMerger", "ExcelMerger\ExcelMerger.csproj", "{D4D8C2F0-3CE3-4EC6-9C3D-2696BED42812}"
EndProject
Global
	GlobalSection(SolutionConfigurationPlatforms) = preSolution
		Debug|Any CPU = Debug|Any CPU
		Release|Any CPU = Release|Any CPU
	EndGlobalSection
	GlobalSection(ProjectConfigurationPlatforms) = postSolution
		{D4D8C2F0-3CE3-4EC6-9C3D-2696BED42812}.Debug|Any CPU.ActiveCfg = Debug|Any CPU
		{D4D8C2F0-3CE3-4EC6-9C3D-2696BED42812}.Debug|Any CPU.Build.0 = Debug|Any CPU
		{D4D8C2F0-3CE3-4EC6-9C3D-2696BED42812}.Release|Any CPU.ActiveCfg = Release|Any CPU
		{D4D8C2F0-3CE3-4EC6-9C3D-2696BED42812}.Release|Any CPU.Build.0 = Release|Any CPU
	EndGlobalSection
	GlobalSection(SolutionProperties) = preSolution
		HideSolutionNode = FALSE
	EndGlobalSection
	GlobalSection(ExtensibilityGlobals) = postSolution
		SolutionGuid = {3CC02016-9378-48F8-B110-26890F0E94F5}
	EndGlobalSection
EndGlobal
